# This file is automatically @generated by Cargo.
# It is not intended for manual editing.
version = 4

[[package]]
name = "file_ref"
version = "0.1.2"
source = "git+https://github.com/SuccessfullyFailed/file_ref#db4f7a08a8c2967563775bed2436ab6dc355116c"

[[package]]
name = "mini_ini_parser"
version = "0.1.0"
dependencies = [
 "file_ref",
]
