# This file is automatically @generated by Cargo.
# It is not intended for manual editing.
version = 4

[[package]]
name = "file_ref"
version = "0.1.2"
source = "git+https://github.com/SuccessfullyFailed/file_ref#0c6d9e48ec3ea72a7df5e5b081a7c3332ebf3e9d"

[[package]]
name = "mini_ini_parser"
version = "0.1.0"
dependencies = [
 "file_ref",
]
